// !$*UTF8*$!
{
	archiveVersion = 1;
	classes = {
	};
	objectVersion = 46;
	objects = {

/* Begin PBXBuildFile section */
		C9ED57EFD5E8B2902981E463 /* Pods_ImageDownloader.framework in Frameworks */ = {isa = PBXBuildFile; fileRef = 9F691139DBF32AEAA9F65B37 /* Pods_ImageDownloader.framework */; };
		F140EB3D1F0281190040CDAE /* Storage.swift in Sources */ = {isa = PBXBuildFile; fileRef = F140EB3C1F0281190040CDAE /* Storage.swift */; };
		F183CA981EFA4DE10073F94C /* AppDelegate.swift in Sources */ = {isa = PBXBuildFile; fileRef = F183CA971EFA4DE10073F94C /* AppDelegate.swift */; };
		F183CA9A1EFA4DE10073F94C /* ViewController.swift in Sources */ = {isa = PBXBuildFile; fileRef = F183CA991EFA4DE10073F94C /* ViewController.swift */; };
		F183CA9D1EFA4DE10073F94C /* Main.storyboard in Resources */ = {isa = PBXBuildFile; fileRef = F183CA9B1EFA4DE10073F94C /* Main.storyboard */; };
		F183CA9F1EFA4DE10073F94C /* Assets.xcassets in Resources */ = {isa = PBXBuildFile; fileRef = F183CA9E1EFA4DE10073F94C /* Assets.xcassets */; };
		F183CAA21EFA4DE10073F94C /* LaunchScreen.storyboard in Resources */ = {isa = PBXBuildFile; fileRef = F183CAA01EFA4DE10073F94C /* LaunchScreen.storyboard */; };
		F183CAAB1EFA4E740073F94C /* ImageDownloader.swift in Sources */ = {isa = PBXBuildFile; fileRef = F183CAAA1EFA4E740073F94C /* ImageDownloader.swift */; };
/* End PBXBuildFile section */

/* Begin PBXFileReference section */
		9C3DC822C1BBE11E24CB0FC1 /* Pods-ImageDownloader.debug.xcconfig */ = {isa = PBXFileReference; includeInIndex = 1; lastKnownFileType = text.xcconfig; name = "Pods-ImageDownloader.debug.xcconfig"; path = "Pods/Target Support Files/Pods-ImageDownloader/Pods-ImageDownloader.debug.xcconfig"; sourceTree = "<group>"; };
		9F691139DBF32AEAA9F65B37 /* Pods_ImageDownloader.framework */ = {isa = PBXFileReference; explicitFileType = wrapper.framework; includeInIndex = 0; path = Pods_ImageDownloader.framework; sourceTree = BUILT_PRODUCTS_DIR; };
		B98C756B2EB5315426C59E41 /* Pods-ImageDownloader.release.xcconfig */ = {isa = PBXFileReference; includeInIndex = 1; lastKnownFileType = text.xcconfig; name = "Pods-ImageDownloader.release.xcconfig"; path = "Pods/Target Support Files/Pods-ImageDownloader/Pods-ImageDownloader.release.xcconfig"; sourceTree = "<group>"; };
		F140EB3C1F0281190040CDAE /* Storage.swift */ = {isa = PBXFileReference; fileEncoding = 4; lastKnownFileType = sourcecode.swift; path = Storage.swift; sourceTree = "<group>"; };
		F183CA941EFA4DE10073F94C /* ImageDownloader.app */ = {isa = PBXFileReference; explicitFileType = wrapper.application; includeInIndex = 0; path = ImageDownloader.app; sourceTree = BUILT_PRODUCTS_DIR; };
		F183CA971EFA4DE10073F94C /* AppDelegate.swift */ = {isa = PBXFileReference; lastKnownFileType = sourcecode.swift; path = AppDelegate.swift; sourceTree = "<group>"; };
		F183CA991EFA4DE10073F94C /* ViewController.swift */ = {isa = PBXFileReference; lastKnownFileType = sourcecode.swift; path = ViewController.swift; sourceTree = "<group>"; };
		F183CA9C1EFA4DE10073F94C /* Base */ = {isa = PBXFileReference; lastKnownFileType = file.storyboard; name = Base; path = Base.lproj/Main.storyboard; sourceTree = "<group>"; };
		F183CA9E1EFA4DE10073F94C /* Assets.xcassets */ = {isa = PBXFileReference; lastKnownFileType = folder.assetcatalog; path = Assets.xcassets; sourceTree = "<group>"; };
		F183CAA11EFA4DE10073F94C /* Base */ = {isa = PBXFileReference; lastKnownFileType = file.storyboard; name = Base; path = Base.lproj/LaunchScreen.storyboard; sourceTree = "<group>"; };
		F183CAA31EFA4DE10073F94C /* Info.plist */ = {isa = PBXFileReference; lastKnownFileType = text.plist.xml; path = Info.plist; sourceTree = "<group>"; };
		F183CAAA1EFA4E740073F94C /* ImageDownloader.swift */ = {isa = PBXFileReference; fileEncoding = 4; lastKnownFileType = sourcecode.swift; path = ImageDownloader.swift; sourceTree = "<group>"; };
/* End PBXFileReference section */

/* Begin PBXFrameworksBuildPhase section */
		F183CA911EFA4DE10073F94C /* Frameworks */ = {
			isa = PBXFrameworksBuildPhase;
			buildActionMask = 2147483647;
			files = (
				C9ED57EFD5E8B2902981E463 /* Pods_ImageDownloader.framework in Frameworks */,
			);
			runOnlyForDeploymentPostprocessing = 0;
		};
/* End PBXFrameworksBuildPhase section */

/* Begin PBXGroup section */
		0855DAAB06054A914671D527 /* Frameworks */ = {
			isa = PBXGroup;
			children = (
				9F691139DBF32AEAA9F65B37 /* Pods_ImageDownloader.framework */,
			);
			name = Frameworks;
			sourceTree = "<group>";
		};
		161B9EA07A10B0E7A2010937 /* Pods */ = {
			isa = PBXGroup;
			children = (
				9C3DC822C1BBE11E24CB0FC1 /* Pods-ImageDownloader.debug.xcconfig */,
				B98C756B2EB5315426C59E41 /* Pods-ImageDownloader.release.xcconfig */,
			);
			name = Pods;
			sourceTree = "<group>";
		};
		F140EB391F0280B60040CDAE /* Models */ = {
			isa = PBXGroup;
			children = (
				F183CAAA1EFA4E740073F94C /* ImageDownloader.swift */,
				F140EB3C1F0281190040CDAE /* Storage.swift */,
			);
			name = Models;
			sourceTree = "<group>";
		};
		F140EB3A1F0280C60040CDAE /* Controllers */ = {
			isa = PBXGroup;
			children = (
				F183CA991EFA4DE10073F94C /* ViewController.swift */,
			);
			name = Controllers;
			sourceTree = "<group>";
		};
		F140EB3B1F0280FD0040CDAE /* Views */ = {
			isa = PBXGroup;
			children = (
				F183CA9B1EFA4DE10073F94C /* Main.storyboard */,
			);
			name = Views;
			sourceTree = "<group>";
		};
		F183CA8B1EFA4DE10073F94C = {
			isa = PBXGroup;
			children = (
				F183CA961EFA4DE10073F94C /* ImageDownloader */,
				F183CA951EFA4DE10073F94C /* Products */,
				161B9EA07A10B0E7A2010937 /* Pods */,
				0855DAAB06054A914671D527 /* Frameworks */,
			);
			sourceTree = "<group>";
		};
		F183CA951EFA4DE10073F94C /* Products */ = {
			isa = PBXGroup;
			children = (
				F183CA941EFA4DE10073F94C /* ImageDownloader.app */,
			);
			name = Products;
			sourceTree = "<group>";
		};
		F183CA961EFA4DE10073F94C /* ImageDownloader */ = {
			isa = PBXGroup;
			children = (
				F183CA971EFA4DE10073F94C /* AppDelegate.swift */,
				F140EB3A1F0280C60040CDAE /* Controllers */,
				F140EB391F0280B60040CDAE /* Models */,
				F140EB3B1F0280FD0040CDAE /* Views */,
				F183CAA91EFA4DF00073F94C /* SupportingFiles */,
			);
			path = ImageDownloader;
			sourceTree = "<group>";
		};
		F183CAA91EFA4DF00073F94C /* SupportingFiles */ = {
			isa = PBXGroup;
			children = (
				F183CA9E1EFA4DE10073F94C /* Assets.xcassets */,
				F183CAA01EFA4DE10073F94C /* LaunchScreen.storyboard */,
				F183CAA31EFA4DE10073F94C /* Info.plist */,
			);
			name = SupportingFiles;
			sourceTree = "<group>";
		};
/* End PBXGroup section */

/* Begin PBXNativeTarget section */
		F183CA931EFA4DE10073F94C /* ImageDownloader */ = {
			isa = PBXNativeTarget;
			buildConfigurationList = F183CAA61EFA4DE10073F94C /* Build configuration list for PBXNativeTarget "ImageDownloader" */;
			buildPhases = (
				B615A110DF9B163DFEAE9FA7 /* [CP] Check Pods Manifest.lock */,
				F183CA901EFA4DE10073F94C /* Sources */,
				F183CA911EFA4DE10073F94C /* Frameworks */,
				F183CA921EFA4DE10073F94C /* Resources */,
				B625E55E0C0EFA868D66E833 /* [CP] Embed Pods Frameworks */,
				1AC82E1A2B2508356A489CB8 /* [CP] Copy Pods Resources */,
			);
			buildRules = (
			);
			dependencies = (
			);
			name = ImageDownloader;
			productName = ImageDownloader;
			productReference = F183CA941EFA4DE10073F94C /* ImageDownloader.app */;
			productType = "com.apple.product-type.application";
		};
/* End PBXNativeTarget section */

/* Begin PBXProject section */
		F183CA8C1EFA4DE10073F94C /* Project object */ = {
			isa = PBXProject;
			attributes = {
				LastSwiftUpdateCheck = 0830;
				LastUpgradeCheck = 0830;
				ORGANIZATIONNAME = "Akerke Okapova";
				TargetAttributes = {
					F183CA931EFA4DE10073F94C = {
						CreatedOnToolsVersion = 8.3.3;
						DevelopmentTeam = PN9LW35DK2;
						ProvisioningStyle = Automatic;
					};
				};
			};
			buildConfigurationList = F183CA8F1EFA4DE10073F94C /* Build configuration list for PBXProject "ImageDownloader" */;
			compatibilityVersion = "Xcode 3.2";
			developmentRegion = English;
			hasScannedForEncodings = 0;
			knownRegions = (
				en,
				Base,
			);
			mainGroup = F183CA8B1EFA4DE10073F94C;
			productRefGroup = F183CA951EFA4DE10073F94C /* Products */;
			projectDirPath = "";
			projectRoot = "";
			targets = (
				F183CA931EFA4DE10073F94C /* ImageDownloader */,
			);
		};
/* End PBXProject section */

/* Begin PBXResourcesBuildPhase section */
		F183CA921EFA4DE10073F94C /* Resources */ = {
			isa = PBXResourcesBuildPhase;
			buildActionMask = 2147483647;
			files = (
				F183CAA21EFA4DE10073F94C /* LaunchScreen.storyboard in Resources */,
				F183CA9F1EFA4DE10073F94C /* Assets.xcassets in Resources */,
				F183CA9D1EFA4DE10073F94C /* Main.storyboard in Resources */,
			);
			runOnlyForDeploymentPostprocessing = 0;
		};
/* End PBXResourcesBuildPhase section */

/* Begin PBXShellScriptBuildPhase section */
		1AC82E1A2B2508356A489CB8 /* [CP] Copy Pods Resources */ = {
			isa = PBXShellScriptBuildPhase;
			buildActionMask = 2147483647;
			files = (
			);
			inputPaths = (
			);
			name = "[CP] Copy Pods Resources";
			outputPaths = (
			);
			runOnlyForDeploymentPostprocessing = 0;
			shellPath = /bin/sh;
			shellScript = "\"${SRCROOT}/Pods/Target Support Files/Pods-ImageDownloader/Pods-ImageDownloader-resources.sh\"\n";
			showEnvVarsInLog = 0;
		};
		B615A110DF9B163DFEAE9FA7 /* [CP] Check Pods Manifest.lock */ = {
			isa = PBXShellScriptBuildPhase;
			buildActionMask = 2147483647;
			files = (
			);
			inputPaths = (
			);
			name = "[CP] Check Pods Manifest.lock";
			outputPaths = (
			);
			runOnlyForDeploymentPostprocessing = 0;
			shellPath = /bin/sh;
			shellScript = "diff \"${PODS_PODFILE_DIR_PATH}/Podfile.lock\" \"${PODS_ROOT}/Manifest.lock\" > /dev/null\nif [ $? != 0 ] ; then\n    # print error to STDERR\n    echo \"error: The sandbox is not in sync with the Podfile.lock. Run 'pod install' or update your CocoaPods installation.\" >&2\n    exit 1\nfi\n";
			showEnvVarsInLog = 0;
		};
		B625E55E0C0EFA868D66E833 /* [CP] Embed Pods Frameworks */ = {
			isa = PBXShellScriptBuildPhase;
			buildActionMask = 2147483647;
			files = (
			);
			inputPaths = (
			);
			name = "[CP] Embed Pods Frameworks";
			outputPaths = (
			);
			runOnlyForDeploymentPostprocessing = 0;
			shellPath = /bin/sh;
			shellScript = "\"${SRCROOT}/Pods/Target Support Files/Pods-ImageDownloader/Pods-ImageDownloader-frameworks.sh\"\n";
			showEnvVarsInLog = 0;
		};
/* End PBXShellScriptBuildPhase section */

/* Begin PBXSourcesBuildPhase section */
		F183CA901EFA4DE10073F94C /* Sources */ = {
			isa = PBXSourcesBuildPhase;
			buildActionMask = 2147483647;
			files = (
				F183CA9A1EFA4DE10073F94C /* ViewController.swift in Sources */,
				F140EB3D1F0281190040CDAE /* Storage.swift in Sources */,
				F183CAAB1EFA4E740073F94C /* ImageDownloader.swift in Sources */,
				F183CA981EFA4DE10073F94C /* AppDelegate.swift in Sources */,
			);
			runOnlyForDeploymentPostprocessing = 0;
		};
/* End PBXSourcesBuildPhase section */

/* Begin PBXVariantGroup section */
		F183CA9B1EFA4DE10073F94C /* Main.storyboard */ = {
			isa = PBXVariantGroup;
			children = (
				F183CA9C1EFA4DE10073F94C /* Base */,
			);
			name = Main.storyboard;
			sourceTree = "<group>";
		};
		F183CAA01EFA4DE10073F94C /* LaunchScreen.storyboard */ = {
			isa = PBXVariantGroup;
			children = (
				F183CAA11EFA4DE10073F94C /* Base */,
			);
			name = LaunchScreen.storyboard;
			sourceTree = "<group>";
		};
/* End PBXVariantGroup section */

/* Begin XCBuildConfiguration section */
		F183CAA41EFA4DE10073F94C /* Debug */ = {
			isa = XCBuildConfiguration;
			buildSettings = {
				ALWAYS_SEARCH_USER_PATHS = NO;
				CLANG_ANALYZER_NONNULL = YES;
				CLANG_ANALYZER_NUMBER_OBJECT_CONVERSION = YES_AGGRESSIVE;
				CLANG_CXX_LANGUAGE_STANDARD = "gnu++0x";
				CLANG_CXX_LIBRARY = "libc++";
				CLANG_ENABLE_MODULES = YES;
				CLANG_ENABLE_OBJC_ARC = YES;
				CLANG_WARN_BOOL_CONVERSION = YES;
				CLANG_WARN_CONSTANT_CONVERSION = YES;
				CLANG_WARN_DIRECT_OBJC_ISA_USAGE = YES_ERROR;
				CLANG_WARN_DOCUMENTATION_COMMENTS = YES;
				CLANG_WARN_EMPTY_BODY = YES;
				CLANG_WARN_ENUM_CONVERSION = YES;
				CLANG_WARN_INFINITE_RECURSION = YES;
				CLANG_WARN_INT_CONVERSION = YES;
				CLANG_WARN_OBJC_ROOT_CLASS = YES_ERROR;
				CLANG_WARN_SUSPICIOUS_MOVE = YES;
				CLANG_WARN_UNREACHABLE_CODE = YES;
				CLANG_WARN__DUPLICATE_METHOD_MATCH = YES;
				"CODE_SIGN_IDENTITY[sdk=iphoneos*]" = "iPhone Developer";
				COPY_PHASE_STRIP = NO;
				DEBUG_INFORMATION_FORMAT = dwarf;
				ENABLE_STRICT_OBJC_MSGSEND = YES;
				ENABLE_TESTABILITY = YES;
				GCC_C_LANGUAGE_STANDARD = gnu99;
				GCC_DYNAMIC_NO_PIC = NO;
				GCC_NO_COMMON_BLOCKS = YES;
				GCC_OPTIMIZATION_LEVEL = 0;
				GCC_PREPROCESSOR_DEFINITIONS = (
					"DEBUG=1",
					"$(inherited)",
				);
				GCC_WARN_64_TO_32_BIT_CONVERSION = YES;
				GCC_WARN_ABOUT_RETURN_TYPE = YES_ERROR;
				GCC_WARN_UNDECLARED_SELECTOR = YES;
				GCC_WARN_UNINITIALIZED_AUTOS = YES_AGGRESSIVE;
				GCC_WARN_UNUSED_FUNCTION = YES;
				GCC_WARN_UNUSED_VARIABLE = YES;
				IPHONEOS_DEPLOYMENT_TARGET = 10.3;
				MTL_ENABLE_DEBUG_INFO = YES;
				ONLY_ACTIVE_ARCH = YES;
				SDKROOT = iphoneos;
				SWIFT_ACTIVE_COMPILATION_CONDITIONS = DEBUG;
				SWIFT_OPTIMIZATION_LEVEL = "-Onone";
			};
			name = Debug;
		};
		F183CAA51EFA4DE10073F94C /* Release */ = {
			isa = XCBuildConfiguration;
			buildSettings = {
				ALWAYS_SEARCH_USER_PATHS = NO;
				CLANG_ANALYZER_NONNULL = YES;
				CLANG_ANALYZER_NUMBER_OBJECT_CONVERSION = YES_AGGRESSIVE;
				CLANG_CXX_LANGUAGE_STANDARD = "gnu++0x";
				CLANG_CXX_LIBRARY = "libc++";
				CLANG_ENABLE_MODULES = YES;
				CLANG_ENABLE_OBJC_ARC = YES;
				CLANG_WARN_BOOL_CONVERSION = YES;
				CLANG_WARN_CONSTANT_CONVERSION = YES;
				CLANG_WARN_DIRECT_OBJC_ISA_USAGE = YES_ERROR;
				CLANG_WARN_DOCUMENTATION_COMMENTS = YES;
				CLANG_WARN_EMPTY_BODY = YES;
				CLANG_WARN_ENUM_CONVERSION = YES;
				CLANG_WARN_INFINITE_RECURSION = YES;
				CLANG_WARN_INT_CONVERSION = YES;
				CLANG_WARN_OBJC_ROOT_CLASS = YES_ERROR;
				CLANG_WARN_SUSPICIOUS_MOVE = YES;
				CLANG_WARN_UNREACHABLE_CODE = YES;
				CLANG_WARN__DUPLICATE_METHOD_MATCH = YES;
				"CODE_SIGN_IDENTITY[sdk=iphoneos*]" = "iPhone Developer";
				COPY_PHASE_STRIP = NO;
				DEBUG_INFORMATION_FORMAT = "dwarf-with-dsym";
				ENABLE_NS_ASSERTIONS = NO;
				ENABLE_STRICT_OBJC_MSGSEND = YES;
				GCC_C_LANGUAGE_STANDARD = gnu99;
				GCC_NO_COMMON_BLOCKS = YES;
				GCC_WARN_64_TO_32_BIT_CONVERSION = YES;
				GCC_WARN_ABOUT_RETURN_TYPE = YES_ERROR;
				GCC_WARN_UNDECLARED_SELECTOR = YES;
				GCC_WARN_UNINITIALIZED_AUTOS = YES_AGGRESSIVE;
				GCC_WARN_UNUSED_FUNCTION = YES;
				GCC_WARN_UNUSED_VARIABLE = YES;
				IPHONEOS_DEPLOYMENT_TARGET = 10.3;
				MTL_ENABLE_DEBUG_INFO = NO;
				SDKROOT = iphoneos;
				SWIFT_OPTIMIZATION_LEVEL = "-Owholemodule";
				VALIDATE_PRODUCT = YES;
			};
			name = Release;
		};
		F183CAA71EFA4DE10073F94C /* Debug */ = {
			isa = XCBuildConfiguration;
			baseConfigurationReference = 9C3DC822C1BBE11E24CB0FC1 /* Pods-ImageDownloader.debug.xcconfig */;
			buildSettings = {
				ASSETCATALOG_COMPILER_APPICON_NAME = AppIcon;
				DEVELOPMENT_TEAM = PN9LW35DK2;
				INFOPLIST_FILE = ImageDownloader/Info.plist;
				IPHONEOS_DEPLOYMENT_TARGET = 9.0;
				LD_RUNPATH_SEARCH_PATHS = "$(inherited) @executable_path/Frameworks";
				PRODUCT_BUNDLE_IDENTIFIER = akerke.ImageDownloader;
				PRODUCT_NAME = "$(TARGET_NAME)";
				SWIFT_VERSION = 3.0;
			};
			name = Debug;
		};
		F183CAA81EFA4DE10073F94C /* Release */ = {
			isa = XCBuildConfiguration;
			baseConfigurationReference = B98C756B2EB5315426C59E41 /* Pods-ImageDownloader.release.xcconfig */;
			buildSettings = {
				ASSETCATALOG_COMPILER_APPICON_NAME = AppIcon;
				DEVELOPMENT_TEAM = PN9LW35DK2;
				INFOPLIST_FILE = ImageDownloader/Info.plist;
				IPHONEOS_DEPLOYMENT_TARGET = 9.0;
				LD_RUNPATH_SEARCH_PATHS = "$(inherited) @executable_path/Frameworks";
				PRODUCT_BUNDLE_IDENTIFIER = akerke.ImageDownloader;
				PRODUCT_NAME = "$(TARGET_NAME)";
				SWIFT_VERSION = 3.0;
			};
			name = Release;
		};
/* End XCBuildConfiguration section */

/* Begin XCConfigurationList section */
		F183CA8F1EFA4DE10073F94C /* Build configuration list for PBXProject "ImageDownloader" */ = {
			isa = XCConfigurationList;
			buildConfigurations = (
				F183CAA41EFA4DE10073F94C /* Debug */,
				F183CAA51EFA4DE10073F94C /* Release */,
			);
			defaultConfigurationIsVisible = 0;
			defaultConfigurationName = Release;
		};
		F183CAA61EFA4DE10073F94C /* Build configuration list for PBXNativeTarget "ImageDownloader" */ = {
			isa = XCConfigurationList;
			buildConfigurations = (
				F183CAA71EFA4DE10073F94C /* Debug */,
				F183CAA81EFA4DE10073F94C /* Release */,
			);
			defaultConfigurationIsVisible = 0;
			defaultConfigurationName = Release;
		};
/* End XCConfigurationList section */
	};
	rootObject = F183CA8C1EFA4DE10073F94C /* Project object */;
}
